
Microsoft Visual Studio Solution File, Format Version 12.00
# Visual Studio 15
VisualStudioVersion = 15.0.27428.2015
MinimumVisualStudioVersion = 10.0.40219.1
Project("{FAE04EC0-301F-11D3-BF4B-00C04F79EFBC}") = "FractionMath2", "FractionMath2\FractionMath2.csproj", "{663D5003-8119-4584-B50A-4E818DB0D61F}"
EndProject
Project("{FAE04EC0-301F-11D3-BF4B-00C04F79EFBC}") = "UnitTestProject1", "UnitTestProject1\UnitTestProject1.csproj", "{6957DEDA-232E-4583-983D-F949AA53102E}"
EndProject
Global
	GlobalSection(SolutionConfigurationPlatforms) = preSolution
		Debug|Any CPU = Debug|Any CPU
		Release|Any CPU = Release|Any CPU
	EndGlobalSection
	GlobalSection(ProjectConfigurationPlatforms) = postSolution
		{663D5003-8119-4584-B50A-4E818DB0D61F}.Debug|Any CPU.ActiveCfg = Debug|Any CPU
		{663D5003-8119-4584-B50A-4E818DB0D61F}.Debug|Any CPU.Build.0 = Debug|Any CPU
		{663D5003-8119-4584-B50A-4E818DB0D61F}.Release|Any CPU.ActiveCfg = Release|Any CPU
		{663D5003-8119-4584-B50A-4E818DB0D61F}.Release|Any CPU.Build.0 = Release|Any CPU
		{6957DEDA-232E-4583-983D-F949AA53102E}.Debug|Any CPU.ActiveCfg = Debug|Any CPU
		{6957DEDA-232E-4583-983D-F949AA53102E}.Debug|Any CPU.Build.0 = Debug|Any CPU
		{6957DEDA-232E-4583-983D-F949AA53102E}.Release|Any CPU.ActiveCfg = Release|Any CPU
		{6957DEDA-232E-4583-983D-F949AA53102E}.Release|Any CPU.Build.0 = Release|Any CPU
	EndGlobalSection
	GlobalSection(SolutionProperties) = preSolution
		HideSolutionNode = FALSE
	EndGlobalSection
	GlobalSection(ExtensibilityGlobals) = postSolution
		SolutionGuid = {3F19F448-D076-4C39-BD53-B125B894E826}
	EndGlobalSection
EndGlobal
